
Microsoft Visual Studio Solution File, Format Version 12.00
# Visual Studio Version 16
VisualStudioVersion = 16.0.31613.86
MinimumVisualStudioVersion = 10.0.40219.1
Project("{9A19103F-16F7-4668-BE54-9A1E7A4F7556}") = "DefiningClasses", "DefiningClasses\DefiningClasses.csproj", "{1F714EC4-A166-4C9F-932E-897C297916D4}"
EndProject
Project("{9A19103F-16F7-4668-BE54-9A1E7A4F7556}") = "6.SpeedRacing", "6.SpeedRacing\6.SpeedRacing.csproj", "{64BEC759-6C65-49AA-A3AA-681C0D29E3EE}"
EndProject
Project("{9A19103F-16F7-4668-BE54-9A1E7A4F7556}") = "8.CarSalesman", "8.CarSalesman\8.CarSalesman.csproj", "{7A97B138-5EB2-46E9-BC2A-08CD87E1D45A}"
EndProject
Project("{FAE04EC0-301F-11D3-BF4B-00C04F79EFBC}") = "9.PokemonTrainer", "9.PokemonTrainer\9.PokemonTrainer.csproj", "{BBA57D7C-76BC-4EF6-96DE-FC291ACFAE27}"
EndProject
Global
	GlobalSection(SolutionConfigurationPlatforms) = preSolution
		Debug|Any CPU = Debug|Any CPU
		Release|Any CPU = Release|Any CPU
	EndGlobalSection
	GlobalSection(ProjectConfigurationPlatforms) = postSolution
		{1F714EC4-A166-4C9F-932E-897C297916D4}.Debug|Any CPU.ActiveCfg = Debug|Any CPU
		{1F714EC4-A166-4C9F-932E-897C297916D4}.Debug|Any CPU.Build.0 = Debug|Any CPU
		{1F714EC4-A166-4C9F-932E-897C297916D4}.Release|Any CPU.ActiveCfg = Release|Any CPU
		{1F714EC4-A166-4C9F-932E-897C297916D4}.Release|Any CPU.Build.0 = Release|Any CPU
		{64BEC759-6C65-49AA-A3AA-681C0D29E3EE}.Debug|Any CPU.ActiveCfg = Debug|Any CPU
		{64BEC759-6C65-49AA-A3AA-681C0D29E3EE}.Debug|Any CPU.Build.0 = Debug|Any CPU
		{64BEC759-6C65-49AA-A3AA-681C0D29E3EE}.Release|Any CPU.ActiveCfg = Release|Any CPU
		{64BEC759-6C65-49AA-A3AA-681C0D29E3EE}.Release|Any CPU.Build.0 = Release|Any CPU
		{7A97B138-5EB2-46E9-BC2A-08CD87E1D45A}.Debug|Any CPU.ActiveCfg = Debug|Any CPU
		{7A97B138-5EB2-46E9-BC2A-08CD87E1D45A}.Debug|Any CPU.Build.0 = Debug|Any CPU
		{7A97B138-5EB2-46E9-BC2A-08CD87E1D45A}.Release|Any CPU.ActiveCfg = Release|Any CPU
		{7A97B138-5EB2-46E9-BC2A-08CD87E1D45A}.Release|Any CPU.Build.0 = Release|Any CPU
		{BBA57D7C-76BC-4EF6-96DE-FC291ACFAE27}.Debug|Any CPU.ActiveCfg = Debug|Any CPU
		{BBA57D7C-76BC-4EF6-96DE-FC291ACFAE27}.Debug|Any CPU.Build.0 = Debug|Any CPU
		{BBA57D7C-76BC-4EF6-96DE-FC291ACFAE27}.Release|Any CPU.ActiveCfg = Release|Any CPU
		{BBA57D7C-76BC-4EF6-96DE-FC291ACFAE27}.Release|Any CPU.Build.0 = Release|Any CPU
	EndGlobalSection
	GlobalSection(SolutionProperties) = preSolution
		HideSolutionNode = FALSE
	EndGlobalSection
	GlobalSection(ExtensibilityGlobals) = postSolution
		SolutionGuid = {B140A523-9644-4200-8E80-866DDE5718B4}
	EndGlobalSection
EndGlobal
