
Microsoft Visual Studio Solution File, Format Version 12.00
# Visual Studio Version 16
VisualStudioVersion = 16.0.31613.86
MinimumVisualStudioVersion = 10.0.40219.1
Project("{FAE04EC0-301F-11D3-BF4B-00C04F79EFBC}") = "1.CountSameValuesInArray", "1.CountSameValuesInArray\1.CountSameValuesInArray.csproj", "{AB4DF201-A638-40B9-B032-2CD152A549FB}"
EndProject
Project("{FAE04EC0-301F-11D3-BF4B-00C04F79EFBC}") = "2.AverageStudentGrades", "2.AverageStudentGrades\2.AverageStudentGrades.csproj", "{C0A41439-0D9B-4C63-92A9-CE498F235C00}"
EndProject
Project("{FAE04EC0-301F-11D3-BF4B-00C04F79EFBC}") = "3.ProductShop", "3.ProductShop\3.ProductShop.csproj", "{2A917334-B454-4C4C-AF3F-13752329D079}"
EndProject
Project("{FAE04EC0-301F-11D3-BF4B-00C04F79EFBC}") = "4.CitiesByContinentAndCountry", "4.CitiesByContinentAndCountry\4.CitiesByContinentAndCountry.csproj", "{619FF1E4-59D2-47E2-B375-445E49A722FF}"
EndProject
Project("{FAE04EC0-301F-11D3-BF4B-00C04F79EFBC}") = "5.RecordUniqueNames", "5.RecordUniqueNames\5.RecordUniqueNames.csproj", "{92F80693-A1B2-47E1-AC0C-18AC1243E917}"
EndProject
Project("{FAE04EC0-301F-11D3-BF4B-00C04F79EFBC}") = "6.ParkingLot", "6.ParkingLot\6.ParkingLot.csproj", "{99142701-0D21-4E78-B129-83605062C01D}"
EndProject
Project("{FAE04EC0-301F-11D3-BF4B-00C04F79EFBC}") = "7.SoftUniParty", "7.SoftUniParty\7.SoftUniParty.csproj", "{E178BD5C-FD64-4044-9FCD-BF4A5E5DDEEB}"
EndProject
Global
	GlobalSection(SolutionConfigurationPlatforms) = preSolution
		Debug|Any CPU = Debug|Any CPU
		Release|Any CPU = Release|Any CPU
	EndGlobalSection
	GlobalSection(ProjectConfigurationPlatforms) = postSolution
		{AB4DF201-A638-40B9-B032-2CD152A549FB}.Debug|Any CPU.ActiveCfg = Debug|Any CPU
		{AB4DF201-A638-40B9-B032-2CD152A549FB}.Debug|Any CPU.Build.0 = Debug|Any CPU
		{AB4DF201-A638-40B9-B032-2CD152A549FB}.Release|Any CPU.ActiveCfg = Release|Any CPU
		{AB4DF201-A638-40B9-B032-2CD152A549FB}.Release|Any CPU.Build.0 = Release|Any CPU
		{C0A41439-0D9B-4C63-92A9-CE498F235C00}.Debug|Any CPU.ActiveCfg = Debug|Any CPU
		{C0A41439-0D9B-4C63-92A9-CE498F235C00}.Debug|Any CPU.Build.0 = Debug|Any CPU
		{C0A41439-0D9B-4C63-92A9-CE498F235C00}.Release|Any CPU.ActiveCfg = Release|Any CPU
		{C0A41439-0D9B-4C63-92A9-CE498F235C00}.Release|Any CPU.Build.0 = Release|Any CPU
		{2A917334-B454-4C4C-AF3F-13752329D079}.Debug|Any CPU.ActiveCfg = Debug|Any CPU
		{2A917334-B454-4C4C-AF3F-13752329D079}.Debug|Any CPU.Build.0 = Debug|Any CPU
		{2A917334-B454-4C4C-AF3F-13752329D079}.Release|Any CPU.ActiveCfg = Release|Any CPU
		{2A917334-B454-4C4C-AF3F-13752329D079}.Release|Any CPU.Build.0 = Release|Any CPU
		{619FF1E4-59D2-47E2-B375-445E49A722FF}.Debug|Any CPU.ActiveCfg = Debug|Any CPU
		{619FF1E4-59D2-47E2-B375-445E49A722FF}.Debug|Any CPU.Build.0 = Debug|Any CPU
		{619FF1E4-59D2-47E2-B375-445E49A722FF}.Release|Any CPU.ActiveCfg = Release|Any CPU
		{619FF1E4-59D2-47E2-B375-445E49A722FF}.Release|Any CPU.Build.0 = Release|Any CPU
		{92F80693-A1B2-47E1-AC0C-18AC1243E917}.Debug|Any CPU.ActiveCfg = Debug|Any CPU
		{92F80693-A1B2-47E1-AC0C-18AC1243E917}.Debug|Any CPU.Build.0 = Debug|Any CPU
		{92F80693-A1B2-47E1-AC0C-18AC1243E917}.Release|Any CPU.ActiveCfg = Release|Any CPU
		{92F80693-A1B2-47E1-AC0C-18AC1243E917}.Release|Any CPU.Build.0 = Release|Any CPU
		{99142701-0D21-4E78-B129-83605062C01D}.Debug|Any CPU.ActiveCfg = Debug|Any CPU
		{99142701-0D21-4E78-B129-83605062C01D}.Debug|Any CPU.Build.0 = Debug|Any CPU
		{99142701-0D21-4E78-B129-83605062C01D}.Release|Any CPU.ActiveCfg = Release|Any CPU
		{99142701-0D21-4E78-B129-83605062C01D}.Release|Any CPU.Build.0 = Release|Any CPU
		{E178BD5C-FD64-4044-9FCD-BF4A5E5DDEEB}.Debug|Any CPU.ActiveCfg = Debug|Any CPU
		{E178BD5C-FD64-4044-9FCD-BF4A5E5DDEEB}.Debug|Any CPU.Build.0 = Debug|Any CPU
		{E178BD5C-FD64-4044-9FCD-BF4A5E5DDEEB}.Release|Any CPU.ActiveCfg = Release|Any CPU
		{E178BD5C-FD64-4044-9FCD-BF4A5E5DDEEB}.Release|Any CPU.Build.0 = Release|Any CPU
	EndGlobalSection
	GlobalSection(SolutionProperties) = preSolution
		HideSolutionNode = FALSE
	EndGlobalSection
	GlobalSection(ExtensibilityGlobals) = postSolution
		SolutionGuid = {F2920F60-378A-4DC3-A6F8-C06911D8B5C7}
	EndGlobalSection
EndGlobal
